
Microsoft Visual Studio Solution File, Format Version 12.00
# Visual Studio 14
VisualStudioVersion = 14.0.25420.1
MinimumVisualStudioVersion = 10.0.40219.1
Project("{FAE04EC0-301F-11D3-BF4B-00C04F79EFBC}") = "Rai", "Rai\Rai.csproj", "{E822DA99-B51A-49E5-91BF-0B044BC6FA60}"
EndProject
Project("{FAE04EC0-301F-11D3-BF4B-00C04F79EFBC}") = "Rai.Modules", "Rai.Modules\Rai.Modules.csproj", "{DCE26E2B-C1DB-4F0F-ADB6-F7BFCBCFC2E3}"
EndProject
Project("{FAE04EC0-301F-11D3-BF4B-00C04F79EFBC}") = "Rai.Service", "Rai.Service\Rai.Service.csproj", "{3DDF664D-F740-45D9-97E2-EEC92BDC0A9A}"
EndProject
Project("{FAE04EC0-301F-11D3-BF4B-00C04F79EFBC}") = "Rai.Test", "Rai.Test\Rai.Test.csproj", "{46E98285-4810-42F5-867A-5C70A868986C}"
EndProject
Global
	GlobalSection(SolutionConfigurationPlatforms) = preSolution
		Debug|Any CPU = Debug|Any CPU
		Debug|x64 = Debug|x64
		Release|Any CPU = Release|Any CPU
		Release|x64 = Release|x64
	EndGlobalSection
	GlobalSection(ProjectConfigurationPlatforms) = postSolution
		{E822DA99-B51A-49E5-91BF-0B044BC6FA60}.Debug|Any CPU.ActiveCfg = Debug|Any CPU
		{E822DA99-B51A-49E5-91BF-0B044BC6FA60}.Debug|Any CPU.Build.0 = Debug|Any CPU
		{E822DA99-B51A-49E5-91BF-0B044BC6FA60}.Debug|x64.ActiveCfg = Debug|x64
		{E822DA99-B51A-49E5-91BF-0B044BC6FA60}.Debug|x64.Build.0 = Debug|x64
		{E822DA99-B51A-49E5-91BF-0B044BC6FA60}.Release|Any CPU.ActiveCfg = Release|Any CPU
		{E822DA99-B51A-49E5-91BF-0B044BC6FA60}.Release|Any CPU.Build.0 = Release|Any CPU
		{E822DA99-B51A-49E5-91BF-0B044BC6FA60}.Release|x64.ActiveCfg = Release|x64
		{E822DA99-B51A-49E5-91BF-0B044BC6FA60}.Release|x64.Build.0 = Release|x64
		{DCE26E2B-C1DB-4F0F-ADB6-F7BFCBCFC2E3}.Debug|Any CPU.ActiveCfg = Debug|Any CPU
		{DCE26E2B-C1DB-4F0F-ADB6-F7BFCBCFC2E3}.Debug|Any CPU.Build.0 = Debug|Any CPU
		{DCE26E2B-C1DB-4F0F-ADB6-F7BFCBCFC2E3}.Debug|x64.ActiveCfg = Debug|Any CPU
		{DCE26E2B-C1DB-4F0F-ADB6-F7BFCBCFC2E3}.Debug|x64.Build.0 = Debug|Any CPU
		{DCE26E2B-C1DB-4F0F-ADB6-F7BFCBCFC2E3}.Release|Any CPU.ActiveCfg = Release|Any CPU
		{DCE26E2B-C1DB-4F0F-ADB6-F7BFCBCFC2E3}.Release|Any CPU.Build.0 = Release|Any CPU
		{DCE26E2B-C1DB-4F0F-ADB6-F7BFCBCFC2E3}.Release|x64.ActiveCfg = Release|Any CPU
		{DCE26E2B-C1DB-4F0F-ADB6-F7BFCBCFC2E3}.Release|x64.Build.0 = Release|Any CPU
		{3DDF664D-F740-45D9-97E2-EEC92BDC0A9A}.Debug|Any CPU.ActiveCfg = Debug|Any CPU
		{3DDF664D-F740-45D9-97E2-EEC92BDC0A9A}.Debug|Any CPU.Build.0 = Debug|Any CPU
		{3DDF664D-F740-45D9-97E2-EEC92BDC0A9A}.Debug|x64.ActiveCfg = Debug|Any CPU
		{3DDF664D-F740-45D9-97E2-EEC92BDC0A9A}.Debug|x64.Build.0 = Debug|Any CPU
		{3DDF664D-F740-45D9-97E2-EEC92BDC0A9A}.Release|Any CPU.ActiveCfg = Release|Any CPU
		{3DDF664D-F740-45D9-97E2-EEC92BDC0A9A}.Release|Any CPU.Build.0 = Release|Any CPU
		{3DDF664D-F740-45D9-97E2-EEC92BDC0A9A}.Release|x64.ActiveCfg = Release|Any CPU
		{3DDF664D-F740-45D9-97E2-EEC92BDC0A9A}.Release|x64.Build.0 = Release|Any CPU
		{46E98285-4810-42F5-867A-5C70A868986C}.Debug|Any CPU.ActiveCfg = Debug|Any CPU
		{46E98285-4810-42F5-867A-5C70A868986C}.Debug|Any CPU.Build.0 = Debug|Any CPU
		{46E98285-4810-42F5-867A-5C70A868986C}.Debug|x64.ActiveCfg = Debug|Any CPU
		{46E98285-4810-42F5-867A-5C70A868986C}.Debug|x64.Build.0 = Debug|Any CPU
		{46E98285-4810-42F5-867A-5C70A868986C}.Release|Any CPU.ActiveCfg = Release|Any CPU
		{46E98285-4810-42F5-867A-5C70A868986C}.Release|Any CPU.Build.0 = Release|Any CPU
		{46E98285-4810-42F5-867A-5C70A868986C}.Release|x64.ActiveCfg = Release|Any CPU
		{46E98285-4810-42F5-867A-5C70A868986C}.Release|x64.Build.0 = Release|Any CPU
	EndGlobalSection
	GlobalSection(SolutionProperties) = preSolution
		HideSolutionNode = FALSE
	EndGlobalSection
EndGlobal
